
Microsoft Visual Studio Solution File, Format Version 12.00
# Visual Studio Version 17
VisualStudioVersion = 17.5.002.0
MinimumVisualStudioVersion = 10.0.40219.1
Project("{2150E333-8FDC-42A3-9474-1A3956D46DE8}") = "src", "src", "{7806FED8-F506-496B-9FCC-61E6271171FC}"
EndProject
Project("{9A19103F-16F7-4668-BE54-9A1E7A4F7556}") = "Full_GRASP_And_SOLID", "src\Library\Full_GRASP_And_SOLID.csproj", "{FE3EC340-094E-48CB-9D39-7BA9C87BA93C}"
EndProject
Project("{9A19103F-16F7-4668-BE54-9A1E7A4F7556}") = "Library", "src\Library\Library.csproj", "{4113BA5C-9A01-4366-91DB-37156C91F34E}"
EndProject
Project("{9A19103F-16F7-4668-BE54-9A1E7A4F7556}") = "Program", "src\Program\Program.csproj", "{E6DD88BA-6801-4747-850B-BFC5101F5208}"
EndProject
Global
	GlobalSection(SolutionConfigurationPlatforms) = preSolution
		Debug|Any CPU = Debug|Any CPU
		Release|Any CPU = Release|Any CPU
	EndGlobalSection
	GlobalSection(ProjectConfigurationPlatforms) = postSolution
		{FE3EC340-094E-48CB-9D39-7BA9C87BA93C}.Debug|Any CPU.ActiveCfg = Debug|Any CPU
		{FE3EC340-094E-48CB-9D39-7BA9C87BA93C}.Debug|Any CPU.Build.0 = Debug|Any CPU
		{FE3EC340-094E-48CB-9D39-7BA9C87BA93C}.Release|Any CPU.ActiveCfg = Release|Any CPU
		{FE3EC340-094E-48CB-9D39-7BA9C87BA93C}.Release|Any CPU.Build.0 = Release|Any CPU
		{4113BA5C-9A01-4366-91DB-37156C91F34E}.Debug|Any CPU.ActiveCfg = Debug|Any CPU
		{4113BA5C-9A01-4366-91DB-37156C91F34E}.Debug|Any CPU.Build.0 = Debug|Any CPU
		{4113BA5C-9A01-4366-91DB-37156C91F34E}.Release|Any CPU.ActiveCfg = Release|Any CPU
		{4113BA5C-9A01-4366-91DB-37156C91F34E}.Release|Any CPU.Build.0 = Release|Any CPU
		{E6DD88BA-6801-4747-850B-BFC5101F5208}.Debug|Any CPU.ActiveCfg = Debug|Any CPU
		{E6DD88BA-6801-4747-850B-BFC5101F5208}.Debug|Any CPU.Build.0 = Debug|Any CPU
		{E6DD88BA-6801-4747-850B-BFC5101F5208}.Release|Any CPU.ActiveCfg = Release|Any CPU
		{E6DD88BA-6801-4747-850B-BFC5101F5208}.Release|Any CPU.Build.0 = Release|Any CPU
	EndGlobalSection
	GlobalSection(SolutionProperties) = preSolution
		HideSolutionNode = FALSE
	EndGlobalSection
	GlobalSection(NestedProjects) = preSolution
		{FE3EC340-094E-48CB-9D39-7BA9C87BA93C} = {7806FED8-F506-496B-9FCC-61E6271171FC}
		{4113BA5C-9A01-4366-91DB-37156C91F34E} = {7806FED8-F506-496B-9FCC-61E6271171FC}
		{E6DD88BA-6801-4747-850B-BFC5101F5208} = {7806FED8-F506-496B-9FCC-61E6271171FC}
	EndGlobalSection
	GlobalSection(ExtensibilityGlobals) = postSolution
		SolutionGuid = {4128B4CF-0E35-431D-ADDD-8590D2EAF3D7}
	EndGlobalSection
EndGlobal
